
Microsoft Visual Studio Solution File, Format Version 12.00
# Visual Studio Version 17
VisualStudioVersion = 17.7.34018.315
MinimumVisualStudioVersion = 10.0.40219.1
Project("{FAE04EC0-301F-11D3-BF4B-00C04F79EFBC}") = "Models", "Models\Models.csproj", "{BB3C6DED-0743-40EC-A895-B5D91A18E190}"
EndProject
Project("{FAE04EC0-301F-11D3-BF4B-00C04F79EFBC}") = "Data", "Data\Data.csproj", "{1C0CAA88-7F19-4E7B-9134-EF4B58F843A2}"
EndProject
Project("{FAE04EC0-301F-11D3-BF4B-00C04F79EFBC}") = "Services", "Services\Services.csproj", "{EFD2D174-939B-4F48-AB3C-850ACD785A95}"
EndProject
Project("{FAE04EC0-301F-11D3-BF4B-00C04F79EFBC}") = "StockWebApp", "StockWebApp\StockWebApp.csproj", "{6AE821ED-862A-40FA-B6E0-9981500E28DA}"
EndProject
Global
	GlobalSection(SolutionConfigurationPlatforms) = preSolution
		Debug|Any CPU = Debug|Any CPU
		Release|Any CPU = Release|Any CPU
	EndGlobalSection
	GlobalSection(ProjectConfigurationPlatforms) = postSolution
		{BB3C6DED-0743-40EC-A895-B5D91A18E190}.Debug|Any CPU.ActiveCfg = Debug|Any CPU
		{BB3C6DED-0743-40EC-A895-B5D91A18E190}.Debug|Any CPU.Build.0 = Debug|Any CPU
		{BB3C6DED-0743-40EC-A895-B5D91A18E190}.Release|Any CPU.ActiveCfg = Release|Any CPU
		{BB3C6DED-0743-40EC-A895-B5D91A18E190}.Release|Any CPU.Build.0 = Release|Any CPU
		{1C0CAA88-7F19-4E7B-9134-EF4B58F843A2}.Debug|Any CPU.ActiveCfg = Debug|Any CPU
		{1C0CAA88-7F19-4E7B-9134-EF4B58F843A2}.Debug|Any CPU.Build.0 = Debug|Any CPU
		{1C0CAA88-7F19-4E7B-9134-EF4B58F843A2}.Release|Any CPU.ActiveCfg = Release|Any CPU
		{1C0CAA88-7F19-4E7B-9134-EF4B58F843A2}.Release|Any CPU.Build.0 = Release|Any CPU
		{EFD2D174-939B-4F48-AB3C-850ACD785A95}.Debug|Any CPU.ActiveCfg = Debug|Any CPU
		{EFD2D174-939B-4F48-AB3C-850ACD785A95}.Debug|Any CPU.Build.0 = Debug|Any CPU
		{EFD2D174-939B-4F48-AB3C-850ACD785A95}.Release|Any CPU.ActiveCfg = Release|Any CPU
		{EFD2D174-939B-4F48-AB3C-850ACD785A95}.Release|Any CPU.Build.0 = Release|Any CPU
		{6AE821ED-862A-40FA-B6E0-9981500E28DA}.Debug|Any CPU.ActiveCfg = Debug|Any CPU
		{6AE821ED-862A-40FA-B6E0-9981500E28DA}.Debug|Any CPU.Build.0 = Debug|Any CPU
		{6AE821ED-862A-40FA-B6E0-9981500E28DA}.Release|Any CPU.ActiveCfg = Release|Any CPU
		{6AE821ED-862A-40FA-B6E0-9981500E28DA}.Release|Any CPU.Build.0 = Release|Any CPU
	EndGlobalSection
	GlobalSection(SolutionProperties) = preSolution
		HideSolutionNode = FALSE
	EndGlobalSection
	GlobalSection(ExtensibilityGlobals) = postSolution
		SolutionGuid = {082781A0-9F6C-420C-A4E5-423479A2D089}
	EndGlobalSection
EndGlobal
